// !$*UTF8*$!
{
	archiveVersion = 1;
	classes = {
	};
	objectVersion = 56;
	objects = {

/* Begin PBXBuildFile section */
		E70F21392BCF77E90080C95B /* User.swift in Sources */ = {isa = PBXBuildFile; fileRef = E70F21382BCF77E90080C95B /* User.swift */; };
		E70F213B2BCF78550080C95B /* Service.swift in Sources */ = {isa = PBXBuildFile; fileRef = E70F213A2BCF78550080C95B /* Service.swift */; };
		E70F213E2BCF7F560080C95B /* SDWebImage in Frameworks */ = {isa = PBXBuildFile; productRef = E70F213D2BCF7F560080C95B /* SDWebImage */; };
		E70F21402BCF7F560080C95B /* SDWebImageMapKit in Frameworks */ = {isa = PBXBuildFile; productRef = E70F213F2BCF7F560080C95B /* SDWebImageMapKit */; };
		E70F21422BCF82CB0080C95B /* ChatController.swift in Sources */ = {isa = PBXBuildFile; fileRef = E70F21412BCF82CB0080C95B /* ChatController.swift */; };
		E70F21442BCFA1370080C95B /* CustomInputAccessoryView.swift in Sources */ = {isa = PBXBuildFile; fileRef = E70F21432BCFA1370080C95B /* CustomInputAccessoryView.swift */; };
		E70F21462BCFAB500080C95B /* MessageCell.swift in Sources */ = {isa = PBXBuildFile; fileRef = E70F21452BCFAB500080C95B /* MessageCell.swift */; };
		E70F21482BCFAE420080C95B /* Message.swift in Sources */ = {isa = PBXBuildFile; fileRef = E70F21472BCFAE420080C95B /* Message.swift */; };
		E70F214A2BCFB0BC0080C95B /* MessageViewModel.swift in Sources */ = {isa = PBXBuildFile; fileRef = E70F21492BCFB0BC0080C95B /* MessageViewModel.swift */; };
		E78198F52BCCC44D00B20F42 /* AppDelegate.swift in Sources */ = {isa = PBXBuildFile; fileRef = E78198F42BCCC44D00B20F42 /* AppDelegate.swift */; };
		E78198F72BCCC44D00B20F42 /* SceneDelegate.swift in Sources */ = {isa = PBXBuildFile; fileRef = E78198F62BCCC44D00B20F42 /* SceneDelegate.swift */; };
		E78198F92BCCC44D00B20F42 /* ViewController.swift in Sources */ = {isa = PBXBuildFile; fileRef = E78198F82BCCC44D00B20F42 /* ViewController.swift */; };
		E78198FC2BCCC44D00B20F42 /* Main.storyboard in Resources */ = {isa = PBXBuildFile; fileRef = E78198FA2BCCC44D00B20F42 /* Main.storyboard */; };
		E78198FE2BCCC44E00B20F42 /* Assets.xcassets in Resources */ = {isa = PBXBuildFile; fileRef = E78198FD2BCCC44E00B20F42 /* Assets.xcassets */; };
		E78199012BCCC44E00B20F42 /* LaunchScreen.storyboard in Resources */ = {isa = PBXBuildFile; fileRef = E78198FF2BCCC44E00B20F42 /* LaunchScreen.storyboard */; };
		E781990F2BCCC4FD00B20F42 /* ConversationsController.swift in Sources */ = {isa = PBXBuildFile; fileRef = E781990E2BCCC4FD00B20F42 /* ConversationsController.swift */; };
		E78199122BCCD46400B20F42 /* LoginController.swift in Sources */ = {isa = PBXBuildFile; fileRef = E78199112BCCD46400B20F42 /* LoginController.swift */; };
		E78199142BCCD46E00B20F42 /* RegistrationController.swift in Sources */ = {isa = PBXBuildFile; fileRef = E78199132BCCD46E00B20F42 /* RegistrationController.swift */; };
		E78199162BCCD75E00B20F42 /* Extension.swift in Sources */ = {isa = PBXBuildFile; fileRef = E78199152BCCD75E00B20F42 /* Extension.swift */; };
		E78199182BCCE36F00B20F42 /* InputContainerView.swift in Sources */ = {isa = PBXBuildFile; fileRef = E78199172BCCE36F00B20F42 /* InputContainerView.swift */; };
		E781991A2BCCE58700B20F42 /* CustomTextField.swift in Sources */ = {isa = PBXBuildFile; fileRef = E78199192BCCE58700B20F42 /* CustomTextField.swift */; };
		E781991C2BCCFFAC00B20F42 /* LoginViewModel.swift in Sources */ = {isa = PBXBuildFile; fileRef = E781991B2BCCFFAC00B20F42 /* LoginViewModel.swift */; };
		E781991E2BCD095500B20F42 /* RegistrationViewModel.swift in Sources */ = {isa = PBXBuildFile; fileRef = E781991D2BCD095500B20F42 /* RegistrationViewModel.swift */; };
		E7DCBB5E2BCE207200DD95D0 /* GoogleService-Info.plist in Resources */ = {isa = PBXBuildFile; fileRef = E7DCBB5D2BCE207200DD95D0 /* GoogleService-Info.plist */; };
		E7DCBB612BCE20C300DD95D0 /* FirebaseAnalytics in Frameworks */ = {isa = PBXBuildFile; productRef = E7DCBB602BCE20C300DD95D0 /* FirebaseAnalytics */; };
		E7DCBB632BCE20C300DD95D0 /* FirebaseAnalyticsOnDeviceConversion in Frameworks */ = {isa = PBXBuildFile; productRef = E7DCBB622BCE20C300DD95D0 /* FirebaseAnalyticsOnDeviceConversion */; };
		E7DCBB652BCE20C300DD95D0 /* FirebaseAnalyticsSwift in Frameworks */ = {isa = PBXBuildFile; productRef = E7DCBB642BCE20C300DD95D0 /* FirebaseAnalyticsSwift */; };
		E7DCBB672BCE20C300DD95D0 /* FirebaseAnalyticsWithoutAdIdSupport in Frameworks */ = {isa = PBXBuildFile; productRef = E7DCBB662BCE20C300DD95D0 /* FirebaseAnalyticsWithoutAdIdSupport */; };
		E7DCBB692BCE20C300DD95D0 /* FirebaseAppCheck in Frameworks */ = {isa = PBXBuildFile; productRef = E7DCBB682BCE20C300DD95D0 /* FirebaseAppCheck */; };
		E7DCBB6B2BCE2DF800DD95D0 /* FirebaseAnalytics in Frameworks */ = {isa = PBXBuildFile; productRef = E7DCBB6A2BCE2DF800DD95D0 /* FirebaseAnalytics */; };
		E7DCBB6D2BCE2DF800DD95D0 /* FirebaseAnalyticsOnDeviceConversion in Frameworks */ = {isa = PBXBuildFile; productRef = E7DCBB6C2BCE2DF800DD95D0 /* FirebaseAnalyticsOnDeviceConversion */; };
		E7DCBB6F2BCE2DF800DD95D0 /* FirebaseAnalyticsSwift in Frameworks */ = {isa = PBXBuildFile; productRef = E7DCBB6E2BCE2DF800DD95D0 /* FirebaseAnalyticsSwift */; };
		E7DCBB712BCE2DF800DD95D0 /* FirebaseAnalyticsWithoutAdIdSupport in Frameworks */ = {isa = PBXBuildFile; productRef = E7DCBB702BCE2DF800DD95D0 /* FirebaseAnalyticsWithoutAdIdSupport */; };
		E7DCBB732BCE2DF800DD95D0 /* FirebaseAppCheck in Frameworks */ = {isa = PBXBuildFile; productRef = E7DCBB722BCE2DF800DD95D0 /* FirebaseAppCheck */; };
		E7DCBB752BCE2DF800DD95D0 /* FirebaseAppDistribution-Beta in Frameworks */ = {isa = PBXBuildFile; productRef = E7DCBB742BCE2DF800DD95D0 /* FirebaseAppDistribution-Beta */; };
		E7DCBB772BCE2DF800DD95D0 /* FirebaseAuth in Frameworks */ = {isa = PBXBuildFile; productRef = E7DCBB762BCE2DF800DD95D0 /* FirebaseAuth */; };
		E7DCBB792BCE2DF800DD95D0 /* FirebaseAuthCombine-Community in Frameworks */ = {isa = PBXBuildFile; productRef = E7DCBB782BCE2DF800DD95D0 /* FirebaseAuthCombine-Community */; };
		E7DCBB7B2BCE2DF800DD95D0 /* FirebaseCrashlytics in Frameworks */ = {isa = PBXBuildFile; productRef = E7DCBB7A2BCE2DF800DD95D0 /* FirebaseCrashlytics */; };
		E7DCBB7D2BCE2DF800DD95D0 /* FirebaseDatabase in Frameworks */ = {isa = PBXBuildFile; productRef = E7DCBB7C2BCE2DF800DD95D0 /* FirebaseDatabase */; };
		E7DCBB7F2BCE2DF800DD95D0 /* FirebaseDatabaseSwift in Frameworks */ = {isa = PBXBuildFile; productRef = E7DCBB7E2BCE2DF800DD95D0 /* FirebaseDatabaseSwift */; };
		E7DCBB812BCE2DF800DD95D0 /* FirebaseDynamicLinks in Frameworks */ = {isa = PBXBuildFile; productRef = E7DCBB802BCE2DF800DD95D0 /* FirebaseDynamicLinks */; };
		E7DCBB832BCE2DF800DD95D0 /* FirebaseFirestore in Frameworks */ = {isa = PBXBuildFile; productRef = E7DCBB822BCE2DF800DD95D0 /* FirebaseFirestore */; };
		E7DCBB852BCE2DF800DD95D0 /* FirebaseFirestoreCombine-Community in Frameworks */ = {isa = PBXBuildFile; productRef = E7DCBB842BCE2DF800DD95D0 /* FirebaseFirestoreCombine-Community */; };
		E7DCBB872BCE2DF800DD95D0 /* FirebaseFirestoreSwift in Frameworks */ = {isa = PBXBuildFile; productRef = E7DCBB862BCE2DF800DD95D0 /* FirebaseFirestoreSwift */; };
		E7DCBB892BCE2DF800DD95D0 /* FirebaseFunctions in Frameworks */ = {isa = PBXBuildFile; productRef = E7DCBB882BCE2DF800DD95D0 /* FirebaseFunctions */; };
		E7DCBB8B2BCE2DF800DD95D0 /* FirebaseFunctionsCombine-Community in Frameworks */ = {isa = PBXBuildFile; productRef = E7DCBB8A2BCE2DF800DD95D0 /* FirebaseFunctionsCombine-Community */; };
		E7DCBB8D2BCE2DF800DD95D0 /* FirebaseInAppMessaging-Beta in Frameworks */ = {isa = PBXBuildFile; productRef = E7DCBB8C2BCE2DF800DD95D0 /* FirebaseInAppMessaging-Beta */; };
		E7DCBB8F2BCE2DF800DD95D0 /* FirebaseInAppMessagingSwift-Beta in Frameworks */ = {isa = PBXBuildFile; productRef = E7DCBB8E2BCE2DF800DD95D0 /* FirebaseInAppMessagingSwift-Beta */; };
		E7DCBB912BCE2DF800DD95D0 /* FirebaseInstallations in Frameworks */ = {isa = PBXBuildFile; productRef = E7DCBB902BCE2DF800DD95D0 /* FirebaseInstallations */; };
		E7DCBB932BCE2DF800DD95D0 /* FirebaseMLModelDownloader in Frameworks */ = {isa = PBXBuildFile; productRef = E7DCBB922BCE2DF800DD95D0 /* FirebaseMLModelDownloader */; };
		E7DCBB952BCE2DF800DD95D0 /* FirebaseMessaging in Frameworks */ = {isa = PBXBuildFile; productRef = E7DCBB942BCE2DF800DD95D0 /* FirebaseMessaging */; };
		E7DCBB972BCE2DF800DD95D0 /* FirebasePerformance in Frameworks */ = {isa = PBXBuildFile; productRef = E7DCBB962BCE2DF800DD95D0 /* FirebasePerformance */; };
		E7DCBB992BCE2DF800DD95D0 /* FirebaseRemoteConfig in Frameworks */ = {isa = PBXBuildFile; productRef = E7DCBB982BCE2DF800DD95D0 /* FirebaseRemoteConfig */; };
		E7DCBB9B2BCE2DF800DD95D0 /* FirebaseRemoteConfigSwift in Frameworks */ = {isa = PBXBuildFile; productRef = E7DCBB9A2BCE2DF800DD95D0 /* FirebaseRemoteConfigSwift */; };
		E7DCBB9D2BCE2DF800DD95D0 /* FirebaseStorage in Frameworks */ = {isa = PBXBuildFile; productRef = E7DCBB9C2BCE2DF800DD95D0 /* FirebaseStorage */; };
		E7DCBB9F2BCE2DF800DD95D0 /* FirebaseStorageCombine-Community in Frameworks */ = {isa = PBXBuildFile; productRef = E7DCBB9E2BCE2DF800DD95D0 /* FirebaseStorageCombine-Community */; };
		E7DCBBA12BCE3EF700DD95D0 /* AuthService.swift in Sources */ = {isa = PBXBuildFile; fileRef = E7DCBBA02BCE3EF700DD95D0 /* AuthService.swift */; };
		E7DCBBA42BCE45F800DD95D0 /* JGProgressHUD in Frameworks */ = {isa = PBXBuildFile; productRef = E7DCBBA32BCE45F800DD95D0 /* JGProgressHUD */; };
		E7DCBBA62BCE4E1300DD95D0 /* NewMessageController.swift in Sources */ = {isa = PBXBuildFile; fileRef = E7DCBBA52BCE4E1300DD95D0 /* NewMessageController.swift */; };
		E7DCBBA82BCE51D400DD95D0 /* UserCell.swift in Sources */ = {isa = PBXBuildFile; fileRef = E7DCBBA72BCE51D400DD95D0 /* UserCell.swift */; };
/* End PBXBuildFile section */

/* Begin PBXFileReference section */
		E70F21382BCF77E90080C95B /* User.swift */ = {isa = PBXFileReference; lastKnownFileType = sourcecode.swift; path = User.swift; sourceTree = "<group>"; };
		E70F213A2BCF78550080C95B /* Service.swift */ = {isa = PBXFileReference; lastKnownFileType = sourcecode.swift; path = Service.swift; sourceTree = "<group>"; };
		E70F21412BCF82CB0080C95B /* ChatController.swift */ = {isa = PBXFileReference; lastKnownFileType = sourcecode.swift; path = ChatController.swift; sourceTree = "<group>"; };
		E70F21432BCFA1370080C95B /* CustomInputAccessoryView.swift */ = {isa = PBXFileReference; lastKnownFileType = sourcecode.swift; path = CustomInputAccessoryView.swift; sourceTree = "<group>"; };
		E70F21452BCFAB500080C95B /* MessageCell.swift */ = {isa = PBXFileReference; lastKnownFileType = sourcecode.swift; path = MessageCell.swift; sourceTree = "<group>"; };
		E70F21472BCFAE420080C95B /* Message.swift */ = {isa = PBXFileReference; lastKnownFileType = sourcecode.swift; path = Message.swift; sourceTree = "<group>"; };
		E70F21492BCFB0BC0080C95B /* MessageViewModel.swift */ = {isa = PBXFileReference; lastKnownFileType = sourcecode.swift; path = MessageViewModel.swift; sourceTree = "<group>"; };
		E78198F12BCCC44D00B20F42 /* FireChat.app */ = {isa = PBXFileReference; explicitFileType = wrapper.application; includeInIndex = 0; path = FireChat.app; sourceTree = BUILT_PRODUCTS_DIR; };
		E78198F42BCCC44D00B20F42 /* AppDelegate.swift */ = {isa = PBXFileReference; lastKnownFileType = sourcecode.swift; path = AppDelegate.swift; sourceTree = "<group>"; };
		E78198F62BCCC44D00B20F42 /* SceneDelegate.swift */ = {isa = PBXFileReference; lastKnownFileType = sourcecode.swift; path = SceneDelegate.swift; sourceTree = "<group>"; };
		E78198F82BCCC44D00B20F42 /* ViewController.swift */ = {isa = PBXFileReference; lastKnownFileType = sourcecode.swift; path = ViewController.swift; sourceTree = "<group>"; };
		E78198FB2BCCC44D00B20F42 /* Base */ = {isa = PBXFileReference; lastKnownFileType = file.storyboard; name = Base; path = Base.lproj/Main.storyboard; sourceTree = "<group>"; };
		E78198FD2BCCC44E00B20F42 /* Assets.xcassets */ = {isa = PBXFileReference; lastKnownFileType = folder.assetcatalog; path = Assets.xcassets; sourceTree = "<group>"; };
		E78199002BCCC44E00B20F42 /* Base */ = {isa = PBXFileReference; lastKnownFileType = file.storyboard; name = Base; path = Base.lproj/LaunchScreen.storyboard; sourceTree = "<group>"; };
		E78199022BCCC44E00B20F42 /* Info.plist */ = {isa = PBXFileReference; lastKnownFileType = text.plist.xml; path = Info.plist; sourceTree = "<group>"; };
		E781990E2BCCC4FD00B20F42 /* ConversationsController.swift */ = {isa = PBXFileReference; lastKnownFileType = sourcecode.swift; path = ConversationsController.swift; sourceTree = "<group>"; };
		E78199112BCCD46400B20F42 /* LoginController.swift */ = {isa = PBXFileReference; lastKnownFileType = sourcecode.swift; path = LoginController.swift; sourceTree = "<group>"; };
		E78199132BCCD46E00B20F42 /* RegistrationController.swift */ = {isa = PBXFileReference; lastKnownFileType = sourcecode.swift; path = RegistrationController.swift; sourceTree = "<group>"; };
		E78199152BCCD75E00B20F42 /* Extension.swift */ = {isa = PBXFileReference; lastKnownFileType = sourcecode.swift; path = Extension.swift; sourceTree = "<group>"; };
		E78199172BCCE36F00B20F42 /* InputContainerView.swift */ = {isa = PBXFileReference; lastKnownFileType = sourcecode.swift; path = InputContainerView.swift; sourceTree = "<group>"; };
		E78199192BCCE58700B20F42 /* CustomTextField.swift */ = {isa = PBXFileReference; lastKnownFileType = sourcecode.swift; path = CustomTextField.swift; sourceTree = "<group>"; };
		E781991B2BCCFFAC00B20F42 /* LoginViewModel.swift */ = {isa = PBXFileReference; lastKnownFileType = sourcecode.swift; path = LoginViewModel.swift; sourceTree = "<group>"; };
		E781991D2BCD095500B20F42 /* RegistrationViewModel.swift */ = {isa = PBXFileReference; lastKnownFileType = sourcecode.swift; path = RegistrationViewModel.swift; sourceTree = "<group>"; };
		E7DCBB5D2BCE207200DD95D0 /* GoogleService-Info.plist */ = {isa = PBXFileReference; fileEncoding = 4; lastKnownFileType = text.plist.xml; name = "GoogleService-Info.plist"; path = "../../../../../../GoogleService-Info.plist"; sourceTree = "<group>"; };
		E7DCBBA02BCE3EF700DD95D0 /* AuthService.swift */ = {isa = PBXFileReference; lastKnownFileType = sourcecode.swift; path = AuthService.swift; sourceTree = "<group>"; };
		E7DCBBA52BCE4E1300DD95D0 /* NewMessageController.swift */ = {isa = PBXFileReference; lastKnownFileType = sourcecode.swift; path = NewMessageController.swift; sourceTree = "<group>"; };
		E7DCBBA72BCE51D400DD95D0 /* UserCell.swift */ = {isa = PBXFileReference; lastKnownFileType = sourcecode.swift; path = UserCell.swift; sourceTree = "<group>"; };
/* End PBXFileReference section */

/* Begin PBXFrameworksBuildPhase section */
		E78198EE2BCCC44D00B20F42 /* Frameworks */ = {
			isa = PBXFrameworksBuildPhase;
			buildActionMask = 2147483647;
			files = (
				E7DCBB952BCE2DF800DD95D0 /* FirebaseMessaging in Frameworks */,
				E7DCBB852BCE2DF800DD95D0 /* FirebaseFirestoreCombine-Community in Frameworks */,
				E7DCBB7D2BCE2DF800DD95D0 /* FirebaseDatabase in Frameworks */,
				E7DCBB652BCE20C300DD95D0 /* FirebaseAnalyticsSwift in Frameworks */,
				E7DCBB9D2BCE2DF800DD95D0 /* FirebaseStorage in Frameworks */,
				E7DCBB612BCE20C300DD95D0 /* FirebaseAnalytics in Frameworks */,
				E7DCBB6B2BCE2DF800DD95D0 /* FirebaseAnalytics in Frameworks */,
				E7DCBB7B2BCE2DF800DD95D0 /* FirebaseCrashlytics in Frameworks */,
				E7DCBB832BCE2DF800DD95D0 /* FirebaseFirestore in Frameworks */,
				E7DCBB812BCE2DF800DD95D0 /* FirebaseDynamicLinks in Frameworks */,
				E7DCBB9F2BCE2DF800DD95D0 /* FirebaseStorageCombine-Community in Frameworks */,
				E7DCBB6D2BCE2DF800DD95D0 /* FirebaseAnalyticsOnDeviceConversion in Frameworks */,
				E7DCBB8B2BCE2DF800DD95D0 /* FirebaseFunctionsCombine-Community in Frameworks */,
				E7DCBBA42BCE45F800DD95D0 /* JGProgressHUD in Frameworks */,
				E7DCBB8F2BCE2DF800DD95D0 /* FirebaseInAppMessagingSwift-Beta in Frameworks */,
				E7DCBB932BCE2DF800DD95D0 /* FirebaseMLModelDownloader in Frameworks */,
				E70F213E2BCF7F560080C95B /* SDWebImage in Frameworks */,
				E7DCBB8D2BCE2DF800DD95D0 /* FirebaseInAppMessaging-Beta in Frameworks */,
				E7DCBB972BCE2DF800DD95D0 /* FirebasePerformance in Frameworks */,
				E7DCBB792BCE2DF800DD95D0 /* FirebaseAuthCombine-Community in Frameworks */,
				E7DCBB6F2BCE2DF800DD95D0 /* FirebaseAnalyticsSwift in Frameworks */,
				E7DCBB7F2BCE2DF800DD95D0 /* FirebaseDatabaseSwift in Frameworks */,
				E7DCBB632BCE20C300DD95D0 /* FirebaseAnalyticsOnDeviceConversion in Frameworks */,
				E7DCBB992BCE2DF800DD95D0 /* FirebaseRemoteConfig in Frameworks */,
				E7DCBB692BCE20C300DD95D0 /* FirebaseAppCheck in Frameworks */,
				E7DCBB772BCE2DF800DD95D0 /* FirebaseAuth in Frameworks */,
				E70F21402BCF7F560080C95B /* SDWebImageMapKit in Frameworks */,
				E7DCBB892BCE2DF800DD95D0 /* FirebaseFunctions in Frameworks */,
				E7DCBB912BCE2DF800DD95D0 /* FirebaseInstallations in Frameworks */,
				E7DCBB872BCE2DF800DD95D0 /* FirebaseFirestoreSwift in Frameworks */,
				E7DCBB712BCE2DF800DD95D0 /* FirebaseAnalyticsWithoutAdIdSupport in Frameworks */,
				E7DCBB732BCE2DF800DD95D0 /* FirebaseAppCheck in Frameworks */,
				E7DCBB9B2BCE2DF800DD95D0 /* FirebaseRemoteConfigSwift in Frameworks */,
				E7DCBB752BCE2DF800DD95D0 /* FirebaseAppDistribution-Beta in Frameworks */,
				E7DCBB672BCE20C300DD95D0 /* FirebaseAnalyticsWithoutAdIdSupport in Frameworks */,
			);
			runOnlyForDeploymentPostprocessing = 0;
		};
/* End PBXFrameworksBuildPhase section */

/* Begin PBXGroup section */
		E78198E82BCCC44D00B20F42 = {
			isa = PBXGroup;
			children = (
				E78198F32BCCC44D00B20F42 /* FireChat */,
				E78198F22BCCC44D00B20F42 /* Products */,
			);
			sourceTree = "<group>";
		};
		E78198F22BCCC44D00B20F42 /* Products */ = {
			isa = PBXGroup;
			children = (
				E78198F12BCCC44D00B20F42 /* FireChat.app */,
			);
			name = Products;
			sourceTree = "<group>";
		};
		E78198F32BCCC44D00B20F42 /* FireChat */ = {
			isa = PBXGroup;
			children = (
				E781990D2BCCC4CF00B20F42 /* Model */,
				E781990C2BCCC4CD00B20F42 /* View */,
				E781990B2BCCC4CC00B20F42 /* ViewModel */,
				E781990A2BCCC4CB00B20F42 /* Controller */,
				E78199092BCCC4C800B20F42 /* API */,
				E78199082BCCC4C100B20F42 /* Utils */,
				E78198F42BCCC44D00B20F42 /* AppDelegate.swift */,
				E78198F62BCCC44D00B20F42 /* SceneDelegate.swift */,
				E78198F82BCCC44D00B20F42 /* ViewController.swift */,
				E78198FA2BCCC44D00B20F42 /* Main.storyboard */,
				E78198FD2BCCC44E00B20F42 /* Assets.xcassets */,
				E78198FF2BCCC44E00B20F42 /* LaunchScreen.storyboard */,
				E78199022BCCC44E00B20F42 /* Info.plist */,
				E7DCBB5D2BCE207200DD95D0 /* GoogleService-Info.plist */,
			);
			path = FireChat;
			sourceTree = "<group>";
		};
		E78199082BCCC4C100B20F42 /* Utils */ = {
			isa = PBXGroup;
			children = (
				E78199152BCCD75E00B20F42 /* Extension.swift */,
			);
			path = Utils;
			sourceTree = "<group>";
		};
		E78199092BCCC4C800B20F42 /* API */ = {
			isa = PBXGroup;
			children = (
				E7DCBBA02BCE3EF700DD95D0 /* AuthService.swift */,
				E70F213A2BCF78550080C95B /* Service.swift */,
			);
			path = API;
			sourceTree = "<group>";
		};
		E781990A2BCCC4CB00B20F42 /* Controller */ = {
			isa = PBXGroup;
			children = (
				E78199102BCCD45300B20F42 /* Authentication */,
				E781990E2BCCC4FD00B20F42 /* ConversationsController.swift */,
				E7DCBBA52BCE4E1300DD95D0 /* NewMessageController.swift */,
				E70F21412BCF82CB0080C95B /* ChatController.swift */,
			);
			path = Controller;
			sourceTree = "<group>";
		};
		E781990B2BCCC4CC00B20F42 /* ViewModel */ = {
			isa = PBXGroup;
			children = (
				E781991F2BCD096600B20F42 /* Authentication */,
				E70F21492BCFB0BC0080C95B /* MessageViewModel.swift */,
			);
			path = ViewModel;
			sourceTree = "<group>";
		};
		E781990C2BCCC4CD00B20F42 /* View */ = {
			isa = PBXGroup;
			children = (
				E78199172BCCE36F00B20F42 /* InputContainerView.swift */,
				E78199192BCCE58700B20F42 /* CustomTextField.swift */,
				E7DCBBA72BCE51D400DD95D0 /* UserCell.swift */,
				E70F21432BCFA1370080C95B /* CustomInputAccessoryView.swift */,
				E70F21452BCFAB500080C95B /* MessageCell.swift */,
			);
			path = View;
			sourceTree = "<group>";
		};
		E781990D2BCCC4CF00B20F42 /* Model */ = {
			isa = PBXGroup;
			children = (
				E70F21382BCF77E90080C95B /* User.swift */,
				E70F21472BCFAE420080C95B /* Message.swift */,
			);
			path = Model;
			sourceTree = "<group>";
		};
		E78199102BCCD45300B20F42 /* Authentication */ = {
			isa = PBXGroup;
			children = (
				E78199112BCCD46400B20F42 /* LoginController.swift */,
				E78199132BCCD46E00B20F42 /* RegistrationController.swift */,
			);
			path = Authentication;
			sourceTree = "<group>";
		};
		E781991F2BCD096600B20F42 /* Authentication */ = {
			isa = PBXGroup;
			children = (
				E781991B2BCCFFAC00B20F42 /* LoginViewModel.swift */,
				E781991D2BCD095500B20F42 /* RegistrationViewModel.swift */,
			);
			path = Authentication;
			sourceTree = "<group>";
		};
/* End PBXGroup section */

/* Begin PBXNativeTarget section */
		E78198F02BCCC44D00B20F42 /* FireChat */ = {
			isa = PBXNativeTarget;
			buildConfigurationList = E78199052BCCC44E00B20F42 /* Build configuration list for PBXNativeTarget "FireChat" */;
			buildPhases = (
				E78198ED2BCCC44D00B20F42 /* Sources */,
				E78198EE2BCCC44D00B20F42 /* Frameworks */,
				E78198EF2BCCC44D00B20F42 /* Resources */,
			);
			buildRules = (
			);
			dependencies = (
			);
			name = FireChat;
			packageProductDependencies = (
				E7DCBB602BCE20C300DD95D0 /* FirebaseAnalytics */,
				E7DCBB622BCE20C300DD95D0 /* FirebaseAnalyticsOnDeviceConversion */,
				E7DCBB642BCE20C300DD95D0 /* FirebaseAnalyticsSwift */,
				E7DCBB662BCE20C300DD95D0 /* FirebaseAnalyticsWithoutAdIdSupport */,
				E7DCBB682BCE20C300DD95D0 /* FirebaseAppCheck */,
				E7DCBB6A2BCE2DF800DD95D0 /* FirebaseAnalytics */,
				E7DCBB6C2BCE2DF800DD95D0 /* FirebaseAnalyticsOnDeviceConversion */,
				E7DCBB6E2BCE2DF800DD95D0 /* FirebaseAnalyticsSwift */,
				E7DCBB702BCE2DF800DD95D0 /* FirebaseAnalyticsWithoutAdIdSupport */,
				E7DCBB722BCE2DF800DD95D0 /* FirebaseAppCheck */,
				E7DCBB742BCE2DF800DD95D0 /* FirebaseAppDistribution-Beta */,
				E7DCBB762BCE2DF800DD95D0 /* FirebaseAuth */,
				E7DCBB782BCE2DF800DD95D0 /* FirebaseAuthCombine-Community */,
				E7DCBB7A2BCE2DF800DD95D0 /* FirebaseCrashlytics */,
				E7DCBB7C2BCE2DF800DD95D0 /* FirebaseDatabase */,
				E7DCBB7E2BCE2DF800DD95D0 /* FirebaseDatabaseSwift */,
				E7DCBB802BCE2DF800DD95D0 /* FirebaseDynamicLinks */,
				E7DCBB822BCE2DF800DD95D0 /* FirebaseFirestore */,
				E7DCBB842BCE2DF800DD95D0 /* FirebaseFirestoreCombine-Community */,
				E7DCBB862BCE2DF800DD95D0 /* FirebaseFirestoreSwift */,
				E7DCBB882BCE2DF800DD95D0 /* FirebaseFunctions */,
				E7DCBB8A2BCE2DF800DD95D0 /* FirebaseFunctionsCombine-Community */,
				E7DCBB8C2BCE2DF800DD95D0 /* FirebaseInAppMessaging-Beta */,
				E7DCBB8E2BCE2DF800DD95D0 /* FirebaseInAppMessagingSwift-Beta */,
				E7DCBB902BCE2DF800DD95D0 /* FirebaseInstallations */,
				E7DCBB922BCE2DF800DD95D0 /* FirebaseMLModelDownloader */,
				E7DCBB942BCE2DF800DD95D0 /* FirebaseMessaging */,
				E7DCBB962BCE2DF800DD95D0 /* FirebasePerformance */,
				E7DCBB982BCE2DF800DD95D0 /* FirebaseRemoteConfig */,
				E7DCBB9A2BCE2DF800DD95D0 /* FirebaseRemoteConfigSwift */,
				E7DCBB9C2BCE2DF800DD95D0 /* FirebaseStorage */,
				E7DCBB9E2BCE2DF800DD95D0 /* FirebaseStorageCombine-Community */,
				E7DCBBA32BCE45F800DD95D0 /* JGProgressHUD */,
				E70F213D2BCF7F560080C95B /* SDWebImage */,
				E70F213F2BCF7F560080C95B /* SDWebImageMapKit */,
			);
			productName = FireChat;
			productReference = E78198F12BCCC44D00B20F42 /* FireChat.app */;
			productType = "com.apple.product-type.application";
		};
/* End PBXNativeTarget section */

/* Begin PBXProject section */
		E78198E92BCCC44D00B20F42 /* Project object */ = {
			isa = PBXProject;
			attributes = {
				BuildIndependentTargetsInParallel = 1;
				LastSwiftUpdateCheck = 1500;
				LastUpgradeCheck = 1500;
				TargetAttributes = {
					E78198F02BCCC44D00B20F42 = {
						CreatedOnToolsVersion = 15.0;
					};
				};
			};
			buildConfigurationList = E78198EC2BCCC44D00B20F42 /* Build configuration list for PBXProject "FireChat" */;
			compatibilityVersion = "Xcode 14.0";
			developmentRegion = en;
			hasScannedForEncodings = 0;
			knownRegions = (
				en,
				Base,
			);
			mainGroup = E78198E82BCCC44D00B20F42;
			packageReferences = (
				E7DCBB5F2BCE20C300DD95D0 /* XCRemoteSwiftPackageReference "firebase-ios-sdk" */,
				E7DCBBA22BCE45F800DD95D0 /* XCRemoteSwiftPackageReference "JGProgressHUD" */,
				E70F213C2BCF7F560080C95B /* XCRemoteSwiftPackageReference "SDWebImage" */,
			);
			productRefGroup = E78198F22BCCC44D00B20F42 /* Products */;
			projectDirPath = "";
			projectRoot = "";
			targets = (
				E78198F02BCCC44D00B20F42 /* FireChat */,
			);
		};
/* End PBXProject section */

/* Begin PBXResourcesBuildPhase section */
		E78198EF2BCCC44D00B20F42 /* Resources */ = {
			isa = PBXResourcesBuildPhase;
			buildActionMask = 2147483647;
			files = (
				E78199012BCCC44E00B20F42 /* LaunchScreen.storyboard in Resources */,
				E7DCBB5E2BCE207200DD95D0 /* GoogleService-Info.plist in Resources */,
				E78198FE2BCCC44E00B20F42 /* Assets.xcassets in Resources */,
				E78198FC2BCCC44D00B20F42 /* Main.storyboard in Resources */,
			);
			runOnlyForDeploymentPostprocessing = 0;
		};
/* End PBXResourcesBuildPhase section */

/* Begin PBXSourcesBuildPhase section */
		E78198ED2BCCC44D00B20F42 /* Sources */ = {
			isa = PBXSourcesBuildPhase;
			buildActionMask = 2147483647;
			files = (
				E78198F92BCCC44D00B20F42 /* ViewController.swift in Sources */,
				E781991E2BCD095500B20F42 /* RegistrationViewModel.swift in Sources */,
				E78199182BCCE36F00B20F42 /* InputContainerView.swift in Sources */,
				E7DCBBA12BCE3EF700DD95D0 /* AuthService.swift in Sources */,
				E70F214A2BCFB0BC0080C95B /* MessageViewModel.swift in Sources */,
				E78198F52BCCC44D00B20F42 /* AppDelegate.swift in Sources */,
				E78199162BCCD75E00B20F42 /* Extension.swift in Sources */,
				E7DCBBA82BCE51D400DD95D0 /* UserCell.swift in Sources */,
				E781990F2BCCC4FD00B20F42 /* ConversationsController.swift in Sources */,
				E70F21392BCF77E90080C95B /* User.swift in Sources */,
				E70F213B2BCF78550080C95B /* Service.swift in Sources */,
				E70F21462BCFAB500080C95B /* MessageCell.swift in Sources */,
				E78198F72BCCC44D00B20F42 /* SceneDelegate.swift in Sources */,
				E78199142BCCD46E00B20F42 /* RegistrationController.swift in Sources */,
				E78199122BCCD46400B20F42 /* LoginController.swift in Sources */,
				E781991C2BCCFFAC00B20F42 /* LoginViewModel.swift in Sources */,
				E70F21422BCF82CB0080C95B /* ChatController.swift in Sources */,
				E781991A2BCCE58700B20F42 /* CustomTextField.swift in Sources */,
				E70F21482BCFAE420080C95B /* Message.swift in Sources */,
				E7DCBBA62BCE4E1300DD95D0 /* NewMessageController.swift in Sources */,
				E70F21442BCFA1370080C95B /* CustomInputAccessoryView.swift in Sources */,
			);
			runOnlyForDeploymentPostprocessing = 0;
		};
/* End PBXSourcesBuildPhase section */

/* Begin PBXVariantGroup section */
		E78198FA2BCCC44D00B20F42 /* Main.storyboard */ = {
			isa = PBXVariantGroup;
			children = (
				E78198FB2BCCC44D00B20F42 /* Base */,
			);
			name = Main.storyboard;
			sourceTree = "<group>";
		};
		E78198FF2BCCC44E00B20F42 /* LaunchScreen.storyboard */ = {
			isa = PBXVariantGroup;
			children = (
				E78199002BCCC44E00B20F42 /* Base */,
			);
			name = LaunchScreen.storyboard;
			sourceTree = "<group>";
		};
/* End PBXVariantGroup section */

/* Begin XCBuildConfiguration section */
		E78199032BCCC44E00B20F42 /* Debug */ = {
			isa = XCBuildConfiguration;
			buildSettings = {
				ALWAYS_SEARCH_USER_PATHS = NO;
				ASSETCATALOG_COMPILER_GENERATE_SWIFT_ASSET_SYMBOL_EXTENSIONS = YES;
				CLANG_ANALYZER_NONNULL = YES;
				CLANG_ANALYZER_NUMBER_OBJECT_CONVERSION = YES_AGGRESSIVE;
				CLANG_CXX_LANGUAGE_STANDARD = "gnu++20";
				CLANG_ENABLE_MODULES = YES;
				CLANG_ENABLE_OBJC_ARC = YES;
				CLANG_ENABLE_OBJC_WEAK = YES;
				CLANG_WARN_BLOCK_CAPTURE_AUTORELEASING = YES;
				CLANG_WARN_BOOL_CONVERSION = YES;
				CLANG_WARN_COMMA = YES;
				CLANG_WARN_CONSTANT_CONVERSION = YES;
				CLANG_WARN_DEPRECATED_OBJC_IMPLEMENTATIONS = YES;
				CLANG_WARN_DIRECT_OBJC_ISA_USAGE = YES_ERROR;
				CLANG_WARN_DOCUMENTATION_COMMENTS = YES;
				CLANG_WARN_EMPTY_BODY = YES;
				CLANG_WARN_ENUM_CONVERSION = YES;
				CLANG_WARN_INFINITE_RECURSION = YES;
				CLANG_WARN_INT_CONVERSION = YES;
				CLANG_WARN_NON_LITERAL_NULL_CONVERSION = YES;
				CLANG_WARN_OBJC_IMPLICIT_RETAIN_SELF = YES;
				CLANG_WARN_OBJC_LITERAL_CONVERSION = YES;
				CLANG_WARN_OBJC_ROOT_CLASS = YES_ERROR;
				CLANG_WARN_QUOTED_INCLUDE_IN_FRAMEWORK_HEADER = YES;
				CLANG_WARN_RANGE_LOOP_ANALYSIS = YES;
				CLANG_WARN_STRICT_PROTOTYPES = YES;
				CLANG_WARN_SUSPICIOUS_MOVE = YES;
				CLANG_WARN_UNGUARDED_AVAILABILITY = YES_AGGRESSIVE;
				CLANG_WARN_UNREACHABLE_CODE = YES;
				CLANG_WARN__DUPLICATE_METHOD_MATCH = YES;
				COPY_PHASE_STRIP = NO;
				DEBUG_INFORMATION_FORMAT = dwarf;
				ENABLE_STRICT_OBJC_MSGSEND = YES;
				ENABLE_TESTABILITY = YES;
				ENABLE_USER_SCRIPT_SANDBOXING = YES;
				GCC_C_LANGUAGE_STANDARD = gnu17;
				GCC_DYNAMIC_NO_PIC = NO;
				GCC_NO_COMMON_BLOCKS = YES;
				GCC_OPTIMIZATION_LEVEL = 0;
				GCC_PREPROCESSOR_DEFINITIONS = (
					"DEBUG=1",
					"$(inherited)",
				);
				GCC_WARN_64_TO_32_BIT_CONVERSION = YES;
				GCC_WARN_ABOUT_RETURN_TYPE = YES_ERROR;
				GCC_WARN_UNDECLARED_SELECTOR = YES;
				GCC_WARN_UNINITIALIZED_AUTOS = YES_AGGRESSIVE;
				GCC_WARN_UNUSED_FUNCTION = YES;
				GCC_WARN_UNUSED_VARIABLE = YES;
				IPHONEOS_DEPLOYMENT_TARGET = 17.0;
				LOCALIZATION_PREFERS_STRING_CATALOGS = YES;
				MTL_ENABLE_DEBUG_INFO = INCLUDE_SOURCE;
				MTL_FAST_MATH = YES;
				ONLY_ACTIVE_ARCH = YES;
				SDKROOT = iphoneos;
				SWIFT_ACTIVE_COMPILATION_CONDITIONS = "DEBUG $(inherited)";
				SWIFT_OPTIMIZATION_LEVEL = "-Onone";
			};
			name = Debug;
		};
		E78199042BCCC44E00B20F42 /* Release */ = {
			isa = XCBuildConfiguration;
			buildSettings = {
				ALWAYS_SEARCH_USER_PATHS = NO;
				ASSETCATALOG_COMPILER_GENERATE_SWIFT_ASSET_SYMBOL_EXTENSIONS = YES;
				CLANG_ANALYZER_NONNULL = YES;
				CLANG_ANALYZER_NUMBER_OBJECT_CONVERSION = YES_AGGRESSIVE;
				CLANG_CXX_LANGUAGE_STANDARD = "gnu++20";
				CLANG_ENABLE_MODULES = YES;
				CLANG_ENABLE_OBJC_ARC = YES;
				CLANG_ENABLE_OBJC_WEAK = YES;
				CLANG_WARN_BLOCK_CAPTURE_AUTORELEASING = YES;
				CLANG_WARN_BOOL_CONVERSION = YES;
				CLANG_WARN_COMMA = YES;
				CLANG_WARN_CONSTANT_CONVERSION = YES;
				CLANG_WARN_DEPRECATED_OBJC_IMPLEMENTATIONS = YES;
				CLANG_WARN_DIRECT_OBJC_ISA_USAGE = YES_ERROR;
				CLANG_WARN_DOCUMENTATION_COMMENTS = YES;
				CLANG_WARN_EMPTY_BODY = YES;
				CLANG_WARN_ENUM_CONVERSION = YES;
				CLANG_WARN_INFINITE_RECURSION = YES;
				CLANG_WARN_INT_CONVERSION = YES;
				CLANG_WARN_NON_LITERAL_NULL_CONVERSION = YES;
				CLANG_WARN_OBJC_IMPLICIT_RETAIN_SELF = YES;
				CLANG_WARN_OBJC_LITERAL_CONVERSION = YES;
				CLANG_WARN_OBJC_ROOT_CLASS = YES_ERROR;
				CLANG_WARN_QUOTED_INCLUDE_IN_FRAMEWORK_HEADER = YES;
				CLANG_WARN_RANGE_LOOP_ANALYSIS = YES;
				CLANG_WARN_STRICT_PROTOTYPES = YES;
				CLANG_WARN_SUSPICIOUS_MOVE = YES;
				CLANG_WARN_UNGUARDED_AVAILABILITY = YES_AGGRESSIVE;
				CLANG_WARN_UNREACHABLE_CODE = YES;
				CLANG_WARN__DUPLICATE_METHOD_MATCH = YES;
				COPY_PHASE_STRIP = NO;
				DEBUG_INFORMATION_FORMAT = "dwarf-with-dsym";
				ENABLE_NS_ASSERTIONS = NO;
				ENABLE_STRICT_OBJC_MSGSEND = YES;
				ENABLE_USER_SCRIPT_SANDBOXING = YES;
				GCC_C_LANGUAGE_STANDARD = gnu17;
				GCC_NO_COMMON_BLOCKS = YES;
				GCC_WARN_64_TO_32_BIT_CONVERSION = YES;
				GCC_WARN_ABOUT_RETURN_TYPE = YES_ERROR;
				GCC_WARN_UNDECLARED_SELECTOR = YES;
				GCC_WARN_UNINITIALIZED_AUTOS = YES_AGGRESSIVE;
				GCC_WARN_UNUSED_FUNCTION = YES;
				GCC_WARN_UNUSED_VARIABLE = YES;
				IPHONEOS_DEPLOYMENT_TARGET = 17.0;
				LOCALIZATION_PREFERS_STRING_CATALOGS = YES;
				MTL_ENABLE_DEBUG_INFO = NO;
				MTL_FAST_MATH = YES;
				SDKROOT = iphoneos;
				SWIFT_COMPILATION_MODE = wholemodule;
				VALIDATE_PRODUCT = YES;
			};
			name = Release;
		};
		E78199062BCCC44E00B20F42 /* Debug */ = {
			isa = XCBuildConfiguration;
			buildSettings = {
				ASSETCATALOG_COMPILER_APPICON_NAME = AppIcon;
				ASSETCATALOG_COMPILER_GLOBAL_ACCENT_COLOR_NAME = AccentColor;
				CODE_SIGN_STYLE = Automatic;
				CURRENT_PROJECT_VERSION = 1;
				DEVELOPMENT_TEAM = V86PDK37VD;
				GENERATE_INFOPLIST_FILE = YES;
				INFOPLIST_FILE = FireChat/Info.plist;
				INFOPLIST_KEY_UIApplicationSupportsIndirectInputEvents = YES;
				INFOPLIST_KEY_UILaunchStoryboardName = LaunchScreen;
				INFOPLIST_KEY_UIMainStoryboardFile = Main;
				INFOPLIST_KEY_UISupportedInterfaceOrientations_iPad = "UIInterfaceOrientationPortrait UIInterfaceOrientationPortraitUpsideDown UIInterfaceOrientationLandscapeLeft UIInterfaceOrientationLandscapeRight";
				INFOPLIST_KEY_UISupportedInterfaceOrientations_iPhone = "UIInterfaceOrientationPortrait UIInterfaceOrientationLandscapeLeft UIInterfaceOrientationLandscapeRight";
				IPHONEOS_DEPLOYMENT_TARGET = 17.0;
				LD_RUNPATH_SEARCH_PATHS = (
					"$(inherited)",
					"@executable_path/Frameworks",
				);
				MARKETING_VERSION = 1.0;
				PRODUCT_BUNDLE_IDENTIFIER = com.kyuhongjo.FireChat;
				PRODUCT_NAME = "$(TARGET_NAME)";
				SWIFT_EMIT_LOC_STRINGS = YES;
				SWIFT_VERSION = 5.0;
				TARGETED_DEVICE_FAMILY = "1,2";
			};
			name = Debug;
		};
		E78199072BCCC44E00B20F42 /* Release */ = {
			isa = XCBuildConfiguration;
			buildSettings = {
				ASSETCATALOG_COMPILER_APPICON_NAME = AppIcon;
				ASSETCATALOG_COMPILER_GLOBAL_ACCENT_COLOR_NAME = AccentColor;
				CODE_SIGN_STYLE = Automatic;
				CURRENT_PROJECT_VERSION = 1;
				DEVELOPMENT_TEAM = V86PDK37VD;
				GENERATE_INFOPLIST_FILE = YES;
				INFOPLIST_FILE = FireChat/Info.plist;
				INFOPLIST_KEY_UIApplicationSupportsIndirectInputEvents = YES;
				INFOPLIST_KEY_UILaunchStoryboardName = LaunchScreen;
				INFOPLIST_KEY_UIMainStoryboardFile = Main;
				INFOPLIST_KEY_UISupportedInterfaceOrientations_iPad = "UIInterfaceOrientationPortrait UIInterfaceOrientationPortraitUpsideDown UIInterfaceOrientationLandscapeLeft UIInterfaceOrientationLandscapeRight";
				INFOPLIST_KEY_UISupportedInterfaceOrientations_iPhone = "UIInterfaceOrientationPortrait UIInterfaceOrientationLandscapeLeft UIInterfaceOrientationLandscapeRight";
				IPHONEOS_DEPLOYMENT_TARGET = 17.0;
				LD_RUNPATH_SEARCH_PATHS = (
					"$(inherited)",
					"@executable_path/Frameworks",
				);
				MARKETING_VERSION = 1.0;
				PRODUCT_BUNDLE_IDENTIFIER = com.kyuhongjo.FireChat;
				PRODUCT_NAME = "$(TARGET_NAME)";
				SWIFT_EMIT_LOC_STRINGS = YES;
				SWIFT_VERSION = 5.0;
				TARGETED_DEVICE_FAMILY = "1,2";
			};
			name = Release;
		};
/* End XCBuildConfiguration section */

/* Begin XCConfigurationList section */
		E78198EC2BCCC44D00B20F42 /* Build configuration list for PBXProject "FireChat" */ = {
			isa = XCConfigurationList;
			buildConfigurations = (
				E78199032BCCC44E00B20F42 /* Debug */,
				E78199042BCCC44E00B20F42 /* Release */,
			);
			defaultConfigurationIsVisible = 0;
			defaultConfigurationName = Release;
		};
		E78199052BCCC44E00B20F42 /* Build configuration list for PBXNativeTarget "FireChat" */ = {
			isa = XCConfigurationList;
			buildConfigurations = (
				E78199062BCCC44E00B20F42 /* Debug */,
				E78199072BCCC44E00B20F42 /* Release */,
			);
			defaultConfigurationIsVisible = 0;
			defaultConfigurationName = Release;
		};
/* End XCConfigurationList section */

/* Begin XCRemoteSwiftPackageReference section */
		E70F213C2BCF7F560080C95B /* XCRemoteSwiftPackageReference "SDWebImage" */ = {
			isa = XCRemoteSwiftPackageReference;
			repositoryURL = "https://github.com/SDWebImage/SDWebImage";
			requirement = {
				kind = upToNextMajorVersion;
				minimumVersion = 5.19.1;
			};
		};
		E7DCBB5F2BCE20C300DD95D0 /* XCRemoteSwiftPackageReference "firebase-ios-sdk" */ = {
			isa = XCRemoteSwiftPackageReference;
			repositoryURL = "https://github.com/firebase/firebase-ios-sdk";
			requirement = {
				kind = upToNextMajorVersion;
				minimumVersion = 10.24.0;
			};
		};
		E7DCBBA22BCE45F800DD95D0 /* XCRemoteSwiftPackageReference "JGProgressHUD" */ = {
			isa = XCRemoteSwiftPackageReference;
			repositoryURL = "https://github.com/JonasGessner/JGProgressHUD";
			requirement = {
				kind = upToNextMajorVersion;
				minimumVersion = 2.2.0;
			};
		};
/* End XCRemoteSwiftPackageReference section */

/* Begin XCSwiftPackageProductDependency section */
		E70F213D2BCF7F560080C95B /* SDWebImage */ = {
			isa = XCSwiftPackageProductDependency;
			package = E70F213C2BCF7F560080C95B /* XCRemoteSwiftPackageReference "SDWebImage" */;
			productName = SDWebImage;
		};
		E70F213F2BCF7F560080C95B /* SDWebImageMapKit */ = {
			isa = XCSwiftPackageProductDependency;
			package = E70F213C2BCF7F560080C95B /* XCRemoteSwiftPackageReference "SDWebImage" */;
			productName = SDWebImageMapKit;
		};
		E7DCBB602BCE20C300DD95D0 /* FirebaseAnalytics */ = {
			isa = XCSwiftPackageProductDependency;
			package = E7DCBB5F2BCE20C300DD95D0 /* XCRemoteSwiftPackageReference "firebase-ios-sdk" */;
			productName = FirebaseAnalytics;
		};
		E7DCBB622BCE20C300DD95D0 /* FirebaseAnalyticsOnDeviceConversion */ = {
			isa = XCSwiftPackageProductDependency;
			package = E7DCBB5F2BCE20C300DD95D0 /* XCRemoteSwiftPackageReference "firebase-ios-sdk" */;
			productName = FirebaseAnalyticsOnDeviceConversion;
		};
		E7DCBB642BCE20C300DD95D0 /* FirebaseAnalyticsSwift */ = {
			isa = XCSwiftPackageProductDependency;
			package = E7DCBB5F2BCE20C300DD95D0 /* XCRemoteSwiftPackageReference "firebase-ios-sdk" */;
			productName = FirebaseAnalyticsSwift;
		};
		E7DCBB662BCE20C300DD95D0 /* FirebaseAnalyticsWithoutAdIdSupport */ = {
			isa = XCSwiftPackageProductDependency;
			package = E7DCBB5F2BCE20C300DD95D0 /* XCRemoteSwiftPackageReference "firebase-ios-sdk" */;
			productName = FirebaseAnalyticsWithoutAdIdSupport;
		};
		E7DCBB682BCE20C300DD95D0 /* FirebaseAppCheck */ = {
			isa = XCSwiftPackageProductDependency;
			package = E7DCBB5F2BCE20C300DD95D0 /* XCRemoteSwiftPackageReference "firebase-ios-sdk" */;
			productName = FirebaseAppCheck;
		};
		E7DCBB6A2BCE2DF800DD95D0 /* FirebaseAnalytics */ = {
			isa = XCSwiftPackageProductDependency;
			package = E7DCBB5F2BCE20C300DD95D0 /* XCRemoteSwiftPackageReference "firebase-ios-sdk" */;
			productName = FirebaseAnalytics;
		};
		E7DCBB6C2BCE2DF800DD95D0 /* FirebaseAnalyticsOnDeviceConversion */ = {
			isa = XCSwiftPackageProductDependency;
			package = E7DCBB5F2BCE20C300DD95D0 /* XCRemoteSwiftPackageReference "firebase-ios-sdk" */;
			productName = FirebaseAnalyticsOnDeviceConversion;
		};
		E7DCBB6E2BCE2DF800DD95D0 /* FirebaseAnalyticsSwift */ = {
			isa = XCSwiftPackageProductDependency;
			package = E7DCBB5F2BCE20C300DD95D0 /* XCRemoteSwiftPackageReference "firebase-ios-sdk" */;
			productName = FirebaseAnalyticsSwift;
		};
		E7DCBB702BCE2DF800DD95D0 /* FirebaseAnalyticsWithoutAdIdSupport */ = {
			isa = XCSwiftPackageProductDependency;
			package = E7DCBB5F2BCE20C300DD95D0 /* XCRemoteSwiftPackageReference "firebase-ios-sdk" */;
			productName = FirebaseAnalyticsWithoutAdIdSupport;
		};
		E7DCBB722BCE2DF800DD95D0 /* FirebaseAppCheck */ = {
			isa = XCSwiftPackageProductDependency;
			package = E7DCBB5F2BCE20C300DD95D0 /* XCRemoteSwiftPackageReference "firebase-ios-sdk" */;
			productName = FirebaseAppCheck;
		};
		E7DCBB742BCE2DF800DD95D0 /* FirebaseAppDistribution-Beta */ = {
			isa = XCSwiftPackageProductDependency;
			package = E7DCBB5F2BCE20C300DD95D0 /* XCRemoteSwiftPackageReference "firebase-ios-sdk" */;
			productName = "FirebaseAppDistribution-Beta";
		};
		E7DCBB762BCE2DF800DD95D0 /* FirebaseAuth */ = {
			isa = XCSwiftPackageProductDependency;
			package = E7DCBB5F2BCE20C300DD95D0 /* XCRemoteSwiftPackageReference "firebase-ios-sdk" */;
			productName = FirebaseAuth;
		};
		E7DCBB782BCE2DF800DD95D0 /* FirebaseAuthCombine-Community */ = {
			isa = XCSwiftPackageProductDependency;
			package = E7DCBB5F2BCE20C300DD95D0 /* XCRemoteSwiftPackageReference "firebase-ios-sdk" */;
			productName = "FirebaseAuthCombine-Community";
		};
		E7DCBB7A2BCE2DF800DD95D0 /* FirebaseCrashlytics */ = {
			isa = XCSwiftPackageProductDependency;
			package = E7DCBB5F2BCE20C300DD95D0 /* XCRemoteSwiftPackageReference "firebase-ios-sdk" */;
			productName = FirebaseCrashlytics;
		};
		E7DCBB7C2BCE2DF800DD95D0 /* FirebaseDatabase */ = {
			isa = XCSwiftPackageProductDependency;
			package = E7DCBB5F2BCE20C300DD95D0 /* XCRemoteSwiftPackageReference "firebase-ios-sdk" */;
			productName = FirebaseDatabase;
		};
		E7DCBB7E2BCE2DF800DD95D0 /* FirebaseDatabaseSwift */ = {
			isa = XCSwiftPackageProductDependency;
			package = E7DCBB5F2BCE20C300DD95D0 /* XCRemoteSwiftPackageReference "firebase-ios-sdk" */;
			productName = FirebaseDatabaseSwift;
		};
		E7DCBB802BCE2DF800DD95D0 /* FirebaseDynamicLinks */ = {
			isa = XCSwiftPackageProductDependency;
			package = E7DCBB5F2BCE20C300DD95D0 /* XCRemoteSwiftPackageReference "firebase-ios-sdk" */;
			productName = FirebaseDynamicLinks;
		};
		E7DCBB822BCE2DF800DD95D0 /* FirebaseFirestore */ = {
			isa = XCSwiftPackageProductDependency;
			package = E7DCBB5F2BCE20C300DD95D0 /* XCRemoteSwiftPackageReference "firebase-ios-sdk" */;
			productName = FirebaseFirestore;
		};
		E7DCBB842BCE2DF800DD95D0 /* FirebaseFirestoreCombine-Community */ = {
			isa = XCSwiftPackageProductDependency;
			package = E7DCBB5F2BCE20C300DD95D0 /* XCRemoteSwiftPackageReference "firebase-ios-sdk" */;
			productName = "FirebaseFirestoreCombine-Community";
		};
		E7DCBB862BCE2DF800DD95D0 /* FirebaseFirestoreSwift */ = {
			isa = XCSwiftPackageProductDependency;
			package = E7DCBB5F2BCE20C300DD95D0 /* XCRemoteSwiftPackageReference "firebase-ios-sdk" */;
			productName = FirebaseFirestoreSwift;
		};
		E7DCBB882BCE2DF800DD95D0 /* FirebaseFunctions */ = {
			isa = XCSwiftPackageProductDependency;
			package = E7DCBB5F2BCE20C300DD95D0 /* XCRemoteSwiftPackageReference "firebase-ios-sdk" */;
			productName = FirebaseFunctions;
		};
		E7DCBB8A2BCE2DF800DD95D0 /* FirebaseFunctionsCombine-Community */ = {
			isa = XCSwiftPackageProductDependency;
			package = E7DCBB5F2BCE20C300DD95D0 /* XCRemoteSwiftPackageReference "firebase-ios-sdk" */;
			productName = "FirebaseFunctionsCombine-Community";
		};
		E7DCBB8C2BCE2DF800DD95D0 /* FirebaseInAppMessaging-Beta */ = {
			isa = XCSwiftPackageProductDependency;
			package = E7DCBB5F2BCE20C300DD95D0 /* XCRemoteSwiftPackageReference "firebase-ios-sdk" */;
			productName = "FirebaseInAppMessaging-Beta";
		};
		E7DCBB8E2BCE2DF800DD95D0 /* FirebaseInAppMessagingSwift-Beta */ = {
			isa = XCSwiftPackageProductDependency;
			package = E7DCBB5F2BCE20C300DD95D0 /* XCRemoteSwiftPackageReference "firebase-ios-sdk" */;
			productName = "FirebaseInAppMessagingSwift-Beta";
		};
		E7DCBB902BCE2DF800DD95D0 /* FirebaseInstallations */ = {
			isa = XCSwiftPackageProductDependency;
			package = E7DCBB5F2BCE20C300DD95D0 /* XCRemoteSwiftPackageReference "firebase-ios-sdk" */;
			productName = FirebaseInstallations;
		};
		E7DCBB922BCE2DF800DD95D0 /* FirebaseMLModelDownloader */ = {
			isa = XCSwiftPackageProductDependency;
			package = E7DCBB5F2BCE20C300DD95D0 /* XCRemoteSwiftPackageReference "firebase-ios-sdk" */;
			productName = FirebaseMLModelDownloader;
		};
		E7DCBB942BCE2DF800DD95D0 /* FirebaseMessaging */ = {
			isa = XCSwiftPackageProductDependency;
			package = E7DCBB5F2BCE20C300DD95D0 /* XCRemoteSwiftPackageReference "firebase-ios-sdk" */;
			productName = FirebaseMessaging;
		};
		E7DCBB962BCE2DF800DD95D0 /* FirebasePerformance */ = {
			isa = XCSwiftPackageProductDependency;
			package = E7DCBB5F2BCE20C300DD95D0 /* XCRemoteSwiftPackageReference "firebase-ios-sdk" */;
			productName = FirebasePerformance;
		};
		E7DCBB982BCE2DF800DD95D0 /* FirebaseRemoteConfig */ = {
			isa = XCSwiftPackageProductDependency;
			package = E7DCBB5F2BCE20C300DD95D0 /* XCRemoteSwiftPackageReference "firebase-ios-sdk" */;
			productName = FirebaseRemoteConfig;
		};
		E7DCBB9A2BCE2DF800DD95D0 /* FirebaseRemoteConfigSwift */ = {
			isa = XCSwiftPackageProductDependency;
			package = E7DCBB5F2BCE20C300DD95D0 /* XCRemoteSwiftPackageReference "firebase-ios-sdk" */;
			productName = FirebaseRemoteConfigSwift;
		};
		E7DCBB9C2BCE2DF800DD95D0 /* FirebaseStorage */ = {
			isa = XCSwiftPackageProductDependency;
			package = E7DCBB5F2BCE20C300DD95D0 /* XCRemoteSwiftPackageReference "firebase-ios-sdk" */;
			productName = FirebaseStorage;
		};
		E7DCBB9E2BCE2DF800DD95D0 /* FirebaseStorageCombine-Community */ = {
			isa = XCSwiftPackageProductDependency;
			package = E7DCBB5F2BCE20C300DD95D0 /* XCRemoteSwiftPackageReference "firebase-ios-sdk" */;
			productName = "FirebaseStorageCombine-Community";
		};
		E7DCBBA32BCE45F800DD95D0 /* JGProgressHUD */ = {
			isa = XCSwiftPackageProductDependency;
			package = E7DCBBA22BCE45F800DD95D0 /* XCRemoteSwiftPackageReference "JGProgressHUD" */;
			productName = JGProgressHUD;
		};
/* End XCSwiftPackageProductDependency section */
	};
	rootObject = E78198E92BCCC44D00B20F42 /* Project object */;
}
