// !$*UTF8*$!
{
	archiveVersion = 1;
	classes = {
	};
	objectVersion = 56;
	objects = {

/* Begin PBXBuildFile section */
		E14E4B562A7226A8009F0A12 /* AppDelegate.swift in Sources */ = {isa = PBXBuildFile; fileRef = E14E4B552A7226A8009F0A12 /* AppDelegate.swift */; };
		E14E4B582A7226A8009F0A12 /* SceneDelegate.swift in Sources */ = {isa = PBXBuildFile; fileRef = E14E4B572A7226A8009F0A12 /* SceneDelegate.swift */; };
		E14E4B5A2A7226A8009F0A12 /* ViewController.swift in Sources */ = {isa = PBXBuildFile; fileRef = E14E4B592A7226A8009F0A12 /* ViewController.swift */; };
		E14E4B5D2A7226A8009F0A12 /* Main.storyboard in Resources */ = {isa = PBXBuildFile; fileRef = E14E4B5B2A7226A8009F0A12 /* Main.storyboard */; };
		E14E4B602A7226A8009F0A12 /* SwiftAccessLevels.xcdatamodeld in Sources */ = {isa = PBXBuildFile; fileRef = E14E4B5E2A7226A8009F0A12 /* SwiftAccessLevels.xcdatamodeld */; };
		E14E4B622A7226A9009F0A12 /* Assets.xcassets in Resources */ = {isa = PBXBuildFile; fileRef = E14E4B612A7226A9009F0A12 /* Assets.xcassets */; };
		E14E4B652A7226A9009F0A12 /* LaunchScreen.storyboard in Resources */ = {isa = PBXBuildFile; fileRef = E14E4B632A7226A9009F0A12 /* LaunchScreen.storyboard */; };
/* End PBXBuildFile section */

/* Begin PBXFileReference section */
		E14E4B522A7226A8009F0A12 /* SwiftAccessLevels.app */ = {isa = PBXFileReference; explicitFileType = wrapper.application; includeInIndex = 0; path = SwiftAccessLevels.app; sourceTree = BUILT_PRODUCTS_DIR; };
		E14E4B552A7226A8009F0A12 /* AppDelegate.swift */ = {isa = PBXFileReference; lastKnownFileType = sourcecode.swift; path = AppDelegate.swift; sourceTree = "<group>"; };
		E14E4B572A7226A8009F0A12 /* SceneDelegate.swift */ = {isa = PBXFileReference; lastKnownFileType = sourcecode.swift; path = SceneDelegate.swift; sourceTree = "<group>"; };
		E14E4B592A7226A8009F0A12 /* ViewController.swift */ = {isa = PBXFileReference; lastKnownFileType = sourcecode.swift; path = ViewController.swift; sourceTree = "<group>"; };
		E14E4B5C2A7226A8009F0A12 /* Base */ = {isa = PBXFileReference; lastKnownFileType = file.storyboard; name = Base; path = Base.lproj/Main.storyboard; sourceTree = "<group>"; };
		E14E4B5F2A7226A8009F0A12 /* SwiftAccessLevels.xcdatamodel */ = {isa = PBXFileReference; lastKnownFileType = wrapper.xcdatamodel; path = SwiftAccessLevels.xcdatamodel; sourceTree = "<group>"; };
		E14E4B612A7226A9009F0A12 /* Assets.xcassets */ = {isa = PBXFileReference; lastKnownFileType = folder.assetcatalog; path = Assets.xcassets; sourceTree = "<group>"; };
		E14E4B642A7226A9009F0A12 /* Base */ = {isa = PBXFileReference; lastKnownFileType = file.storyboard; name = Base; path = Base.lproj/LaunchScreen.storyboard; sourceTree = "<group>"; };
		E14E4B662A7226A9009F0A12 /* Info.plist */ = {isa = PBXFileReference; lastKnownFileType = text.plist.xml; path = Info.plist; sourceTree = "<group>"; };
/* End PBXFileReference section */

/* Begin PBXFrameworksBuildPhase section */
		E14E4B4F2A7226A8009F0A12 /* Frameworks */ = {
			isa = PBXFrameworksBuildPhase;
			buildActionMask = 2147483647;
			files = (
			);
			runOnlyForDeploymentPostprocessing = 0;
		};
/* End PBXFrameworksBuildPhase section */

/* Begin PBXGroup section */
		E14E4B492A7226A8009F0A12 = {
			isa = PBXGroup;
			children = (
				E14E4B542A7226A8009F0A12 /* SwiftAccessLevels */,
				E14E4B532A7226A8009F0A12 /* Products */,
			);
			sourceTree = "<group>";
		};
		E14E4B532A7226A8009F0A12 /* Products */ = {
			isa = PBXGroup;
			children = (
				E14E4B522A7226A8009F0A12 /* SwiftAccessLevels.app */,
			);
			name = Products;
			sourceTree = "<group>";
		};
		E14E4B542A7226A8009F0A12 /* SwiftAccessLevels */ = {
			isa = PBXGroup;
			children = (
				E14E4B552A7226A8009F0A12 /* AppDelegate.swift */,
				E14E4B572A7226A8009F0A12 /* SceneDelegate.swift */,
				E14E4B592A7226A8009F0A12 /* ViewController.swift */,
				E14E4B5B2A7226A8009F0A12 /* Main.storyboard */,
				E14E4B612A7226A9009F0A12 /* Assets.xcassets */,
				E14E4B632A7226A9009F0A12 /* LaunchScreen.storyboard */,
				E14E4B662A7226A9009F0A12 /* Info.plist */,
				E14E4B5E2A7226A8009F0A12 /* SwiftAccessLevels.xcdatamodeld */,
			);
			path = SwiftAccessLevels;
			sourceTree = "<group>";
		};
/* End PBXGroup section */

/* Begin PBXNativeTarget section */
		E14E4B512A7226A8009F0A12 /* SwiftAccessLevels */ = {
			isa = PBXNativeTarget;
			buildConfigurationList = E14E4B692A7226A9009F0A12 /* Build configuration list for PBXNativeTarget "SwiftAccessLevels" */;
			buildPhases = (
				E14E4B4E2A7226A8009F0A12 /* Sources */,
				E14E4B4F2A7226A8009F0A12 /* Frameworks */,
				E14E4B502A7226A8009F0A12 /* Resources */,
			);
			buildRules = (
			);
			dependencies = (
			);
			name = SwiftAccessLevels;
			productName = SwiftAccessLevels;
			productReference = E14E4B522A7226A8009F0A12 /* SwiftAccessLevels.app */;
			productType = "com.apple.product-type.application";
		};
/* End PBXNativeTarget section */

/* Begin PBXProject section */
		E14E4B4A2A7226A8009F0A12 /* Project object */ = {
			isa = PBXProject;
			attributes = {
				BuildIndependentTargetsInParallel = 1;
				LastSwiftUpdateCheck = 1430;
				LastUpgradeCheck = 1430;
				TargetAttributes = {
					E14E4B512A7226A8009F0A12 = {
						CreatedOnToolsVersion = 14.3;
					};
				};
			};
			buildConfigurationList = E14E4B4D2A7226A8009F0A12 /* Build configuration list for PBXProject "SwiftAccessLevels" */;
			compatibilityVersion = "Xcode 14.0";
			developmentRegion = en;
			hasScannedForEncodings = 0;
			knownRegions = (
				en,
				Base,
			);
			mainGroup = E14E4B492A7226A8009F0A12;
			productRefGroup = E14E4B532A7226A8009F0A12 /* Products */;
			projectDirPath = "";
			projectRoot = "";
			targets = (
				E14E4B512A7226A8009F0A12 /* SwiftAccessLevels */,
			);
		};
/* End PBXProject section */

/* Begin PBXResourcesBuildPhase section */
		E14E4B502A7226A8009F0A12 /* Resources */ = {
			isa = PBXResourcesBuildPhase;
			buildActionMask = 2147483647;
			files = (
				E14E4B652A7226A9009F0A12 /* LaunchScreen.storyboard in Resources */,
				E14E4B622A7226A9009F0A12 /* Assets.xcassets in Resources */,
				E14E4B5D2A7226A8009F0A12 /* Main.storyboard in Resources */,
			);
			runOnlyForDeploymentPostprocessing = 0;
		};
/* End PBXResourcesBuildPhase section */

/* Begin PBXSourcesBuildPhase section */
		E14E4B4E2A7226A8009F0A12 /* Sources */ = {
			isa = PBXSourcesBuildPhase;
			buildActionMask = 2147483647;
			files = (
				E14E4B602A7226A8009F0A12 /* SwiftAccessLevels.xcdatamodeld in Sources */,
				E14E4B5A2A7226A8009F0A12 /* ViewController.swift in Sources */,
				E14E4B562A7226A8009F0A12 /* AppDelegate.swift in Sources */,
				E14E4B582A7226A8009F0A12 /* SceneDelegate.swift in Sources */,
			);
			runOnlyForDeploymentPostprocessing = 0;
		};
/* End PBXSourcesBuildPhase section */

/* Begin PBXVariantGroup section */
		E14E4B5B2A7226A8009F0A12 /* Main.storyboard */ = {
			isa = PBXVariantGroup;
			children = (
				E14E4B5C2A7226A8009F0A12 /* Base */,
			);
			name = Main.storyboard;
			sourceTree = "<group>";
		};
		E14E4B632A7226A9009F0A12 /* LaunchScreen.storyboard */ = {
			isa = PBXVariantGroup;
			children = (
				E14E4B642A7226A9009F0A12 /* Base */,
			);
			name = LaunchScreen.storyboard;
			sourceTree = "<group>";
		};
/* End PBXVariantGroup section */

/* Begin XCBuildConfiguration section */
		E14E4B672A7226A9009F0A12 /* Debug */ = {
			isa = XCBuildConfiguration;
			buildSettings = {
				ALWAYS_SEARCH_USER_PATHS = NO;
				CLANG_ANALYZER_NONNULL = YES;
				CLANG_ANALYZER_NUMBER_OBJECT_CONVERSION = YES_AGGRESSIVE;
				CLANG_CXX_LANGUAGE_STANDARD = "gnu++20";
				CLANG_ENABLE_MODULES = YES;
				CLANG_ENABLE_OBJC_ARC = YES;
				CLANG_ENABLE_OBJC_WEAK = YES;
				CLANG_WARN_BLOCK_CAPTURE_AUTORELEASING = YES;
				CLANG_WARN_BOOL_CONVERSION = YES;
				CLANG_WARN_COMMA = YES;
				CLANG_WARN_CONSTANT_CONVERSION = YES;
				CLANG_WARN_DEPRECATED_OBJC_IMPLEMENTATIONS = YES;
				CLANG_WARN_DIRECT_OBJC_ISA_USAGE = YES_ERROR;
				CLANG_WARN_DOCUMENTATION_COMMENTS = YES;
				CLANG_WARN_EMPTY_BODY = YES;
				CLANG_WARN_ENUM_CONVERSION = YES;
				CLANG_WARN_INFINITE_RECURSION = YES;
				CLANG_WARN_INT_CONVERSION = YES;
				CLANG_WARN_NON_LITERAL_NULL_CONVERSION = YES;
				CLANG_WARN_OBJC_IMPLICIT_RETAIN_SELF = YES;
				CLANG_WARN_OBJC_LITERAL_CONVERSION = YES;
				CLANG_WARN_OBJC_ROOT_CLASS = YES_ERROR;
				CLANG_WARN_QUOTED_INCLUDE_IN_FRAMEWORK_HEADER = YES;
				CLANG_WARN_RANGE_LOOP_ANALYSIS = YES;
				CLANG_WARN_STRICT_PROTOTYPES = YES;
				CLANG_WARN_SUSPICIOUS_MOVE = YES;
				CLANG_WARN_UNGUARDED_AVAILABILITY = YES_AGGRESSIVE;
				CLANG_WARN_UNREACHABLE_CODE = YES;
				CLANG_WARN__DUPLICATE_METHOD_MATCH = YES;
				COPY_PHASE_STRIP = NO;
				DEBUG_INFORMATION_FORMAT = dwarf;
				ENABLE_STRICT_OBJC_MSGSEND = YES;
				ENABLE_TESTABILITY = YES;
				GCC_C_LANGUAGE_STANDARD = gnu11;
				GCC_DYNAMIC_NO_PIC = NO;
				GCC_NO_COMMON_BLOCKS = YES;
				GCC_OPTIMIZATION_LEVEL = 0;
				GCC_PREPROCESSOR_DEFINITIONS = (
					"DEBUG=1",
					"$(inherited)",
				);
				GCC_WARN_64_TO_32_BIT_CONVERSION = YES;
				GCC_WARN_ABOUT_RETURN_TYPE = YES_ERROR;
				GCC_WARN_UNDECLARED_SELECTOR = YES;
				GCC_WARN_UNINITIALIZED_AUTOS = YES_AGGRESSIVE;
				GCC_WARN_UNUSED_FUNCTION = YES;
				GCC_WARN_UNUSED_VARIABLE = YES;
				IPHONEOS_DEPLOYMENT_TARGET = 16.4;
				MTL_ENABLE_DEBUG_INFO = INCLUDE_SOURCE;
				MTL_FAST_MATH = YES;
				ONLY_ACTIVE_ARCH = YES;
				SDKROOT = iphoneos;
				SWIFT_ACTIVE_COMPILATION_CONDITIONS = DEBUG;
				SWIFT_OPTIMIZATION_LEVEL = "-Onone";
			};
			name = Debug;
		};
		E14E4B682A7226A9009F0A12 /* Release */ = {
			isa = XCBuildConfiguration;
			buildSettings = {
				ALWAYS_SEARCH_USER_PATHS = NO;
				CLANG_ANALYZER_NONNULL = YES;
				CLANG_ANALYZER_NUMBER_OBJECT_CONVERSION = YES_AGGRESSIVE;
				CLANG_CXX_LANGUAGE_STANDARD = "gnu++20";
				CLANG_ENABLE_MODULES = YES;
				CLANG_ENABLE_OBJC_ARC = YES;
				CLANG_ENABLE_OBJC_WEAK = YES;
				CLANG_WARN_BLOCK_CAPTURE_AUTORELEASING = YES;
				CLANG_WARN_BOOL_CONVERSION = YES;
				CLANG_WARN_COMMA = YES;
				CLANG_WARN_CONSTANT_CONVERSION = YES;
				CLANG_WARN_DEPRECATED_OBJC_IMPLEMENTATIONS = YES;
				CLANG_WARN_DIRECT_OBJC_ISA_USAGE = YES_ERROR;
				CLANG_WARN_DOCUMENTATION_COMMENTS = YES;
				CLANG_WARN_EMPTY_BODY = YES;
				CLANG_WARN_ENUM_CONVERSION = YES;
				CLANG_WARN_INFINITE_RECURSION = YES;
				CLANG_WARN_INT_CONVERSION = YES;
				CLANG_WARN_NON_LITERAL_NULL_CONVERSION = YES;
				CLANG_WARN_OBJC_IMPLICIT_RETAIN_SELF = YES;
				CLANG_WARN_OBJC_LITERAL_CONVERSION = YES;
				CLANG_WARN_OBJC_ROOT_CLASS = YES_ERROR;
				CLANG_WARN_QUOTED_INCLUDE_IN_FRAMEWORK_HEADER = YES;
				CLANG_WARN_RANGE_LOOP_ANALYSIS = YES;
				CLANG_WARN_STRICT_PROTOTYPES = YES;
				CLANG_WARN_SUSPICIOUS_MOVE = YES;
				CLANG_WARN_UNGUARDED_AVAILABILITY = YES_AGGRESSIVE;
				CLANG_WARN_UNREACHABLE_CODE = YES;
				CLANG_WARN__DUPLICATE_METHOD_MATCH = YES;
				COPY_PHASE_STRIP = NO;
				DEBUG_INFORMATION_FORMAT = "dwarf-with-dsym";
				ENABLE_NS_ASSERTIONS = NO;
				ENABLE_STRICT_OBJC_MSGSEND = YES;
				GCC_C_LANGUAGE_STANDARD = gnu11;
				GCC_NO_COMMON_BLOCKS = YES;
				GCC_WARN_64_TO_32_BIT_CONVERSION = YES;
				GCC_WARN_ABOUT_RETURN_TYPE = YES_ERROR;
				GCC_WARN_UNDECLARED_SELECTOR = YES;
				GCC_WARN_UNINITIALIZED_AUTOS = YES_AGGRESSIVE;
				GCC_WARN_UNUSED_FUNCTION = YES;
				GCC_WARN_UNUSED_VARIABLE = YES;
				IPHONEOS_DEPLOYMENT_TARGET = 16.4;
				MTL_ENABLE_DEBUG_INFO = NO;
				MTL_FAST_MATH = YES;
				SDKROOT = iphoneos;
				SWIFT_COMPILATION_MODE = wholemodule;
				SWIFT_OPTIMIZATION_LEVEL = "-O";
				VALIDATE_PRODUCT = YES;
			};
			name = Release;
		};
		E14E4B6A2A7226A9009F0A12 /* Debug */ = {
			isa = XCBuildConfiguration;
			buildSettings = {
				ASSETCATALOG_COMPILER_APPICON_NAME = AppIcon;
				ASSETCATALOG_COMPILER_GLOBAL_ACCENT_COLOR_NAME = AccentColor;
				CODE_SIGN_STYLE = Automatic;
				CURRENT_PROJECT_VERSION = 1;
				GENERATE_INFOPLIST_FILE = YES;
				INFOPLIST_FILE = SwiftAccessLevels/Info.plist;
				INFOPLIST_KEY_UIApplicationSupportsIndirectInputEvents = YES;
				INFOPLIST_KEY_UILaunchStoryboardName = LaunchScreen;
				INFOPLIST_KEY_UIMainStoryboardFile = Main;
				INFOPLIST_KEY_UISupportedInterfaceOrientations_iPad = "UIInterfaceOrientationPortrait UIInterfaceOrientationPortraitUpsideDown UIInterfaceOrientationLandscapeLeft UIInterfaceOrientationLandscapeRight";
				INFOPLIST_KEY_UISupportedInterfaceOrientations_iPhone = "UIInterfaceOrientationPortrait UIInterfaceOrientationLandscapeLeft UIInterfaceOrientationLandscapeRight";
				LD_RUNPATH_SEARCH_PATHS = (
					"$(inherited)",
					"@executable_path/Frameworks",
				);
				MARKETING_VERSION = 1.0;
				PRODUCT_BUNDLE_IDENTIFIER = com.tom.SwiftAccessLevels;
				PRODUCT_NAME = "$(TARGET_NAME)";
				SWIFT_EMIT_LOC_STRINGS = YES;
				SWIFT_VERSION = 5.0;
				TARGETED_DEVICE_FAMILY = "1,2";
			};
			name = Debug;
		};
		E14E4B6B2A7226A9009F0A12 /* Release */ = {
			isa = XCBuildConfiguration;
			buildSettings = {
				ASSETCATALOG_COMPILER_APPICON_NAME = AppIcon;
				ASSETCATALOG_COMPILER_GLOBAL_ACCENT_COLOR_NAME = AccentColor;
				CODE_SIGN_STYLE = Automatic;
				CURRENT_PROJECT_VERSION = 1;
				GENERATE_INFOPLIST_FILE = YES;
				INFOPLIST_FILE = SwiftAccessLevels/Info.plist;
				INFOPLIST_KEY_UIApplicationSupportsIndirectInputEvents = YES;
				INFOPLIST_KEY_UILaunchStoryboardName = LaunchScreen;
				INFOPLIST_KEY_UIMainStoryboardFile = Main;
				INFOPLIST_KEY_UISupportedInterfaceOrientations_iPad = "UIInterfaceOrientationPortrait UIInterfaceOrientationPortraitUpsideDown UIInterfaceOrientationLandscapeLeft UIInterfaceOrientationLandscapeRight";
				INFOPLIST_KEY_UISupportedInterfaceOrientations_iPhone = "UIInterfaceOrientationPortrait UIInterfaceOrientationLandscapeLeft UIInterfaceOrientationLandscapeRight";
				LD_RUNPATH_SEARCH_PATHS = (
					"$(inherited)",
					"@executable_path/Frameworks",
				);
				MARKETING_VERSION = 1.0;
				PRODUCT_BUNDLE_IDENTIFIER = com.tom.SwiftAccessLevels;
				PRODUCT_NAME = "$(TARGET_NAME)";
				SWIFT_EMIT_LOC_STRINGS = YES;
				SWIFT_VERSION = 5.0;
				TARGETED_DEVICE_FAMILY = "1,2";
			};
			name = Release;
		};
/* End XCBuildConfiguration section */

/* Begin XCConfigurationList section */
		E14E4B4D2A7226A8009F0A12 /* Build configuration list for PBXProject "SwiftAccessLevels" */ = {
			isa = XCConfigurationList;
			buildConfigurations = (
				E14E4B672A7226A9009F0A12 /* Debug */,
				E14E4B682A7226A9009F0A12 /* Release */,
			);
			defaultConfigurationIsVisible = 0;
			defaultConfigurationName = Release;
		};
		E14E4B692A7226A9009F0A12 /* Build configuration list for PBXNativeTarget "SwiftAccessLevels" */ = {
			isa = XCConfigurationList;
			buildConfigurations = (
				E14E4B6A2A7226A9009F0A12 /* Debug */,
				E14E4B6B2A7226A9009F0A12 /* Release */,
			);
			defaultConfigurationIsVisible = 0;
			defaultConfigurationName = Release;
		};
/* End XCConfigurationList section */

/* Begin XCVersionGroup section */
		E14E4B5E2A7226A8009F0A12 /* SwiftAccessLevels.xcdatamodeld */ = {
			isa = XCVersionGroup;
			children = (
				E14E4B5F2A7226A8009F0A12 /* SwiftAccessLevels.xcdatamodel */,
			);
			currentVersion = E14E4B5F2A7226A8009F0A12 /* SwiftAccessLevels.xcdatamodel */;
			path = SwiftAccessLevels.xcdatamodeld;
			sourceTree = "<group>";
			versionGroupType = wrapper.xcdatamodel;
		};
/* End XCVersionGroup section */
	};
	rootObject = E14E4B4A2A7226A8009F0A12 /* Project object */;
}
